
Microsoft Visual Studio Solution File, Format Version 12.00
# Visual Studio 15
VisualStudioVersion = 15.0.26730.8
MinimumVisualStudioVersion = 10.0.40219.1
Project("{FAE04EC0-301F-11D3-BF4B-00C04F79EFBC}") = "KSPCasher", "KSPCasher\KSPCasher.csproj", "{03A555DE-65F4-44A2-AAFA-D446AF34C965}"
EndProject
Project("{2150E333-8FDC-42A3-9474-1A3956D46DE8}") = "Solution Items", "Solution Items", "{D14ECB75-8C51-4847-9361-40E14F49A1F2}"
	ProjectSection(SolutionItems) = preProject
		buildRelease.bat = buildRelease.bat
		Changelog.txt = Changelog.txt
		deploy.bat = deploy.bat
		jenkins.txt = jenkins.txt
		KSPCasher.version = KSPCasher.version
		License.txt = License.txt
		README.md = README.md
	EndProjectSection
EndProject
Global
	GlobalSection(SolutionConfigurationPlatforms) = preSolution
		Debug|Any CPU = Debug|Any CPU
		Release|Any CPU = Release|Any CPU
	EndGlobalSection
	GlobalSection(ProjectConfigurationPlatforms) = postSolution
		{03A555DE-65F4-44A2-AAFA-D446AF34C965}.Debug|Any CPU.ActiveCfg = Debug|Any CPU
		{03A555DE-65F4-44A2-AAFA-D446AF34C965}.Debug|Any CPU.Build.0 = Debug|Any CPU
		{03A555DE-65F4-44A2-AAFA-D446AF34C965}.Release|Any CPU.ActiveCfg = Release|Any CPU
		{03A555DE-65F4-44A2-AAFA-D446AF34C965}.Release|Any CPU.Build.0 = Release|Any CPU
	EndGlobalSection
	GlobalSection(SolutionProperties) = preSolution
		HideSolutionNode = FALSE
	EndGlobalSection
	GlobalSection(ExtensibilityGlobals) = postSolution
		SolutionGuid = {C9C12464-F54F-4E9A-AA61-86E100D0F92E}
	EndGlobalSection
EndGlobal
